// !$*UTF8*$!
{
	archiveVersion = 1;
	classes = {
	};
	objectVersion = 48;
	objects = {

/* Begin PBXBuildFile section */
		3A8491EB200FE7E500B41EBC /* AppDelegate.swift in Sources */ = {isa = PBXBuildFile; fileRef = 3A8491EA200FE7E500B41EBC /* AppDelegate.swift */; };
		3A8491ED200FE7E500B41EBC /* ViewController.swift in Sources */ = {isa = PBXBuildFile; fileRef = 3A8491EC200FE7E500B41EBC /* ViewController.swift */; };
		3A8491F0200FE7E500B41EBC /* Main.storyboard in Resources */ = {isa = PBXBuildFile; fileRef = 3A8491EE200FE7E500B41EBC /* Main.storyboard */; };
		3A8491F2200FE7E500B41EBC /* Assets.xcassets in Resources */ = {isa = PBXBuildFile; fileRef = 3A8491F1200FE7E500B41EBC /* Assets.xcassets */; };
		3A8491F5200FE7E500B41EBC /* LaunchScreen.storyboard in Resources */ = {isa = PBXBuildFile; fileRef = 3A8491F3200FE7E500B41EBC /* LaunchScreen.storyboard */; };
		3A849200200FE7E500B41EBC /* selectJuegosTests.swift in Sources */ = {isa = PBXBuildFile; fileRef = 3A8491FF200FE7E500B41EBC /* selectJuegosTests.swift */; };
		3A84920B200FE7E500B41EBC /* selectJuegosUITests.swift in Sources */ = {isa = PBXBuildFile; fileRef = 3A84920A200FE7E500B41EBC /* selectJuegosUITests.swift */; };
/* End PBXBuildFile section */

/* Begin PBXContainerItemProxy section */
		3A8491FC200FE7E500B41EBC /* PBXContainerItemProxy */ = {
			isa = PBXContainerItemProxy;
			containerPortal = 3A8491DF200FE7E500B41EBC /* Project object */;
			proxyType = 1;
			remoteGlobalIDString = 3A8491E6200FE7E500B41EBC;
			remoteInfo = selectJuegos;
		};
		3A849207200FE7E500B41EBC /* PBXContainerItemProxy */ = {
			isa = PBXContainerItemProxy;
			containerPortal = 3A8491DF200FE7E500B41EBC /* Project object */;
			proxyType = 1;
			remoteGlobalIDString = 3A8491E6200FE7E500B41EBC;
			remoteInfo = selectJuegos;
		};
/* End PBXContainerItemProxy section */

/* Begin PBXFileReference section */
		3A8491E7200FE7E500B41EBC /* selectJuegos.app */ = {isa = PBXFileReference; explicitFileType = wrapper.application; includeInIndex = 0; path = selectJuegos.app; sourceTree = BUILT_PRODUCTS_DIR; };
		3A8491EA200FE7E500B41EBC /* AppDelegate.swift */ = {isa = PBXFileReference; lastKnownFileType = sourcecode.swift; path = AppDelegate.swift; sourceTree = "<group>"; };
		3A8491EC200FE7E500B41EBC /* ViewController.swift */ = {isa = PBXFileReference; lastKnownFileType = sourcecode.swift; path = ViewController.swift; sourceTree = "<group>"; };
		3A8491EF200FE7E500B41EBC /* Base */ = {isa = PBXFileReference; lastKnownFileType = file.storyboard; name = Base; path = Base.lproj/Main.storyboard; sourceTree = "<group>"; };
		3A8491F1200FE7E500B41EBC /* Assets.xcassets */ = {isa = PBXFileReference; lastKnownFileType = folder.assetcatalog; path = Assets.xcassets; sourceTree = "<group>"; };
		3A8491F4200FE7E500B41EBC /* Base */ = {isa = PBXFileReference; lastKnownFileType = file.storyboard; name = Base; path = Base.lproj/LaunchScreen.storyboard; sourceTree = "<group>"; };
		3A8491F6200FE7E500B41EBC /* Info.plist */ = {isa = PBXFileReference; lastKnownFileType = text.plist.xml; path = Info.plist; sourceTree = "<group>"; };
		3A8491FB200FE7E500B41EBC /* selectJuegosTests.xctest */ = {isa = PBXFileReference; explicitFileType = wrapper.cfbundle; includeInIndex = 0; path = selectJuegosTests.xctest; sourceTree = BUILT_PRODUCTS_DIR; };
		3A8491FF200FE7E500B41EBC /* selectJuegosTests.swift */ = {isa = PBXFileReference; lastKnownFileType = sourcecode.swift; path = selectJuegosTests.swift; sourceTree = "<group>"; };
		3A849201200FE7E500B41EBC /* Info.plist */ = {isa = PBXFileReference; lastKnownFileType = text.plist.xml; path = Info.plist; sourceTree = "<group>"; };
		3A849206200FE7E500B41EBC /* selectJuegosUITests.xctest */ = {isa = PBXFileReference; explicitFileType = wrapper.cfbundle; includeInIndex = 0; path = selectJuegosUITests.xctest; sourceTree = BUILT_PRODUCTS_DIR; };
		3A84920A200FE7E500B41EBC /* selectJuegosUITests.swift */ = {isa = PBXFileReference; lastKnownFileType = sourcecode.swift; path = selectJuegosUITests.swift; sourceTree = "<group>"; };
		3A84920C200FE7E500B41EBC /* Info.plist */ = {isa = PBXFileReference; lastKnownFileType = text.plist.xml; path = Info.plist; sourceTree = "<group>"; };
/* End PBXFileReference section */

/* Begin PBXFrameworksBuildPhase section */
		3A8491E4200FE7E500B41EBC /* Frameworks */ = {
			isa = PBXFrameworksBuildPhase;
			buildActionMask = 2147483647;
			files = (
			);
			runOnlyForDeploymentPostprocessing = 0;
		};
		3A8491F8200FE7E500B41EBC /* Frameworks */ = {
			isa = PBXFrameworksBuildPhase;
			buildActionMask = 2147483647;
			files = (
			);
			runOnlyForDeploymentPostprocessing = 0;
		};
		3A849203200FE7E500B41EBC /* Frameworks */ = {
			isa = PBXFrameworksBuildPhase;
			buildActionMask = 2147483647;
			files = (
			);
			runOnlyForDeploymentPostprocessing = 0;
		};
/* End PBXFrameworksBuildPhase section */

/* Begin PBXGroup section */
		3A8491DE200FE7E500B41EBC = {
			isa = PBXGroup;
			children = (
				3A8491E9200FE7E500B41EBC /* selectJuegos */,
				3A8491FE200FE7E500B41EBC /* selectJuegosTests */,
				3A849209200FE7E500B41EBC /* selectJuegosUITests */,
				3A8491E8200FE7E500B41EBC /* Products */,
			);
			sourceTree = "<group>";
		};
		3A8491E8200FE7E500B41EBC /* Products */ = {
			isa = PBXGroup;
			children = (
				3A8491E7200FE7E500B41EBC /* selectJuegos.app */,
				3A8491FB200FE7E500B41EBC /* selectJuegosTests.xctest */,
				3A849206200FE7E500B41EBC /* selectJuegosUITests.xctest */,
			);
			name = Products;
			sourceTree = "<group>";
		};
		3A8491E9200FE7E500B41EBC /* selectJuegos */ = {
			isa = PBXGroup;
			children = (
				3A8491EA200FE7E500B41EBC /* AppDelegate.swift */,
				3A8491EC200FE7E500B41EBC /* ViewController.swift */,
				3A8491EE200FE7E500B41EBC /* Main.storyboard */,
				3A8491F1200FE7E500B41EBC /* Assets.xcassets */,
				3A8491F3200FE7E500B41EBC /* LaunchScreen.storyboard */,
				3A8491F6200FE7E500B41EBC /* Info.plist */,
			);
			path = selectJuegos;
			sourceTree = "<group>";
		};
		3A8491FE200FE7E500B41EBC /* selectJuegosTests */ = {
			isa = PBXGroup;
			children = (
				3A8491FF200FE7E500B41EBC /* selectJuegosTests.swift */,
				3A849201200FE7E500B41EBC /* Info.plist */,
			);
			path = selectJuegosTests;
			sourceTree = "<group>";
		};
		3A849209200FE7E500B41EBC /* selectJuegosUITests */ = {
			isa = PBXGroup;
			children = (
				3A84920A200FE7E500B41EBC /* selectJuegosUITests.swift */,
				3A84920C200FE7E500B41EBC /* Info.plist */,
			);
			path = selectJuegosUITests;
			sourceTree = "<group>";
		};
/* End PBXGroup section */

/* Begin PBXNativeTarget section */
		3A8491E6200FE7E500B41EBC /* selectJuegos */ = {
			isa = PBXNativeTarget;
			buildConfigurationList = 3A84920F200FE7E500B41EBC /* Build configuration list for PBXNativeTarget "selectJuegos" */;
			buildPhases = (
				3A8491E3200FE7E500B41EBC /* Sources */,
				3A8491E4200FE7E500B41EBC /* Frameworks */,
				3A8491E5200FE7E500B41EBC /* Resources */,
			);
			buildRules = (
			);
			dependencies = (
			);
			name = selectJuegos;
			productName = selectJuegos;
			productReference = 3A8491E7200FE7E500B41EBC /* selectJuegos.app */;
			productType = "com.apple.product-type.application";
		};
		3A8491FA200FE7E500B41EBC /* selectJuegosTests */ = {
			isa = PBXNativeTarget;
			buildConfigurationList = 3A849212200FE7E500B41EBC /* Build configuration list for PBXNativeTarget "selectJuegosTests" */;
			buildPhases = (
				3A8491F7200FE7E500B41EBC /* Sources */,
				3A8491F8200FE7E500B41EBC /* Frameworks */,
				3A8491F9200FE7E500B41EBC /* Resources */,
			);
			buildRules = (
			);
			dependencies = (
				3A8491FD200FE7E500B41EBC /* PBXTargetDependency */,
			);
			name = selectJuegosTests;
			productName = selectJuegosTests;
			productReference = 3A8491FB200FE7E500B41EBC /* selectJuegosTests.xctest */;
			productType = "com.apple.product-type.bundle.unit-test";
		};
		3A849205200FE7E500B41EBC /* selectJuegosUITests */ = {
			isa = PBXNativeTarget;
			buildConfigurationList = 3A849215200FE7E500B41EBC /* Build configuration list for PBXNativeTarget "selectJuegosUITests" */;
			buildPhases = (
				3A849202200FE7E500B41EBC /* Sources */,
				3A849203200FE7E500B41EBC /* Frameworks */,
				3A849204200FE7E500B41EBC /* Resources */,
			);
			buildRules = (
			);
			dependencies = (
				3A849208200FE7E500B41EBC /* PBXTargetDependency */,
			);
			name = selectJuegosUITests;
			productName = selectJuegosUITests;
			productReference = 3A849206200FE7E500B41EBC /* selectJuegosUITests.xctest */;
			productType = "com.apple.product-type.bundle.ui-testing";
		};
/* End PBXNativeTarget section */

/* Begin PBXProject section */
		3A8491DF200FE7E500B41EBC /* Project object */ = {
			isa = PBXProject;
			attributes = {
				LastSwiftUpdateCheck = 0920;
				LastUpgradeCheck = 0920;
				ORGANIZATIONNAME = "Alfonso Hernandez";
				TargetAttributes = {
					3A8491E6200FE7E500B41EBC = {
						CreatedOnToolsVersion = 9.2;
						ProvisioningStyle = Automatic;
					};
					3A8491FA200FE7E500B41EBC = {
						CreatedOnToolsVersion = 9.2;
						ProvisioningStyle = Automatic;
						TestTargetID = 3A8491E6200FE7E500B41EBC;
					};
					3A849205200FE7E500B41EBC = {
						CreatedOnToolsVersion = 9.2;
						ProvisioningStyle = Automatic;
						TestTargetID = 3A8491E6200FE7E500B41EBC;
					};
				};
			};
			buildConfigurationList = 3A8491E2200FE7E500B41EBC /* Build configuration list for PBXProject "selectJuegos" */;
			compatibilityVersion = "Xcode 8.0";
			developmentRegion = en;
			hasScannedForEncodings = 0;
			knownRegions = (
				en,
				Base,
			);
			mainGroup = 3A8491DE200FE7E500B41EBC;
			productRefGroup = 3A8491E8200FE7E500B41EBC /* Products */;
			projectDirPath = "";
			projectRoot = "";
			targets = (
				3A8491E6200FE7E500B41EBC /* selectJuegos */,
				3A8491FA200FE7E500B41EBC /* selectJuegosTests */,
				3A849205200FE7E500B41EBC /* selectJuegosUITests */,
			);
		};
/* End PBXProject section */

/* Begin PBXResourcesBuildPhase section */
		3A8491E5200FE7E500B41EBC /* Resources */ = {
			isa = PBXResourcesBuildPhase;
			buildActionMask = 2147483647;
			files = (
				3A8491F5200FE7E500B41EBC /* LaunchScreen.storyboard in Resources */,
				3A8491F2200FE7E500B41EBC /* Assets.xcassets in Resources */,
				3A8491F0200FE7E500B41EBC /* Main.storyboard in Resources */,
			);
			runOnlyForDeploymentPostprocessing = 0;
		};
		3A8491F9200FE7E500B41EBC /* Resources */ = {
			isa = PBXResourcesBuildPhase;
			buildActionMask = 2147483647;
			files = (
			);
			runOnlyForDeploymentPostprocessing = 0;
		};
		3A849204200FE7E500B41EBC /* Resources */ = {
			isa = PBXResourcesBuildPhase;
			buildActionMask = 2147483647;
			files = (
			);
			runOnlyForDeploymentPostprocessing = 0;
		};
/* End PBXResourcesBuildPhase section */

/* Begin PBXSourcesBuildPhase section */
		3A8491E3200FE7E500B41EBC /* Sources */ = {
			isa = PBXSourcesBuildPhase;
			buildActionMask = 2147483647;
			files = (
				3A8491ED200FE7E500B41EBC /* ViewController.swift in Sources */,
				3A8491EB200FE7E500B41EBC /* AppDelegate.swift in Sources */,
			);
			runOnlyForDeploymentPostprocessing = 0;
		};
		3A8491F7200FE7E500B41EBC /* Sources */ = {
			isa = PBXSourcesBuildPhase;
			buildActionMask = 2147483647;
			files = (
				3A849200200FE7E500B41EBC /* selectJuegosTests.swift in Sources */,
			);
			runOnlyForDeploymentPostprocessing = 0;
		};
		3A849202200FE7E500B41EBC /* Sources */ = {
			isa = PBXSourcesBuildPhase;
			buildActionMask = 2147483647;
			files = (
				3A84920B200FE7E500B41EBC /* selectJuegosUITests.swift in Sources */,
			);
			runOnlyForDeploymentPostprocessing = 0;
		};
/* End PBXSourcesBuildPhase section */

/* Begin PBXTargetDependency section */
		3A8491FD200FE7E500B41EBC /* PBXTargetDependency */ = {
			isa = PBXTargetDependency;
			target = 3A8491E6200FE7E500B41EBC /* selectJuegos */;
			targetProxy = 3A8491FC200FE7E500B41EBC /* PBXContainerItemProxy */;
		};
		3A849208200FE7E500B41EBC /* PBXTargetDependency */ = {
			isa = PBXTargetDependency;
			target = 3A8491E6200FE7E500B41EBC /* selectJuegos */;
			targetProxy = 3A849207200FE7E500B41EBC /* PBXContainerItemProxy */;
		};
/* End PBXTargetDependency section */

/* Begin PBXVariantGroup section */
		3A8491EE200FE7E500B41EBC /* Main.storyboard */ = {
			isa = PBXVariantGroup;
			children = (
				3A8491EF200FE7E500B41EBC /* Base */,
			);
			name = Main.storyboard;
			sourceTree = "<group>";
		};
		3A8491F3200FE7E500B41EBC /* LaunchScreen.storyboard */ = {
			isa = PBXVariantGroup;
			children = (
				3A8491F4200FE7E500B41EBC /* Base */,
			);
			name = LaunchScreen.storyboard;
			sourceTree = "<group>";
		};
/* End PBXVariantGroup section */

/* Begin XCBuildConfiguration section */
		3A84920D200FE7E500B41EBC /* Debug */ = {
			isa = XCBuildConfiguration;
			buildSettings = {
				ALWAYS_SEARCH_USER_PATHS = NO;
				CLANG_ANALYZER_NONNULL = YES;
				CLANG_ANALYZER_NUMBER_OBJECT_CONVERSION = YES_AGGRESSIVE;
				CLANG_CXX_LANGUAGE_STANDARD = "gnu++14";
				CLANG_CXX_LIBRARY = "libc++";
				CLANG_ENABLE_MODULES = YES;
				CLANG_ENABLE_OBJC_ARC = YES;
				CLANG_WARN_BLOCK_CAPTURE_AUTORELEASING = YES;
				CLANG_WARN_BOOL_CONVERSION = YES;
				CLANG_WARN_COMMA = YES;
				CLANG_WARN_CONSTANT_CONVERSION = YES;
				CLANG_WARN_DIRECT_OBJC_ISA_USAGE = YES_ERROR;
				CLANG_WARN_DOCUMENTATION_COMMENTS = YES;
				CLANG_WARN_EMPTY_BODY = YES;
				CLANG_WARN_ENUM_CONVERSION = YES;
				CLANG_WARN_INFINITE_RECURSION = YES;
				CLANG_WARN_INT_CONVERSION = YES;
				CLANG_WARN_NON_LITERAL_NULL_CONVERSION = YES;
				CLANG_WARN_OBJC_LITERAL_CONVERSION = YES;
				CLANG_WARN_OBJC_ROOT_CLASS = YES_ERROR;
				CLANG_WARN_RANGE_LOOP_ANALYSIS = YES;
				CLANG_WARN_STRICT_PROTOTYPES = YES;
				CLANG_WARN_SUSPICIOUS_MOVE = YES;
				CLANG_WARN_UNGUARDED_AVAILABILITY = YES_AGGRESSIVE;
				CLANG_WARN_UNREACHABLE_CODE = YES;
				CLANG_WARN__DUPLICATE_METHOD_MATCH = YES;
				CODE_SIGN_IDENTITY = "iPhone Developer";
				COPY_PHASE_STRIP = NO;
				DEBUG_INFORMATION_FORMAT = dwarf;
				ENABLE_STRICT_OBJC_MSGSEND = YES;
				ENABLE_TESTABILITY = YES;
				GCC_C_LANGUAGE_STANDARD = gnu11;
				GCC_DYNAMIC_NO_PIC = NO;
				GCC_NO_COMMON_BLOCKS = YES;
				GCC_OPTIMIZATION_LEVEL = 0;
				GCC_PREPROCESSOR_DEFINITIONS = (
					"DEBUG=1",
					"$(inherited)",
				);
				GCC_WARN_64_TO_32_BIT_CONVERSION = YES;
				GCC_WARN_ABOUT_RETURN_TYPE = YES_ERROR;
				GCC_WARN_UNDECLARED_SELECTOR = YES;
				GCC_WARN_UNINITIALIZED_AUTOS = YES_AGGRESSIVE;
				GCC_WARN_UNUSED_FUNCTION = YES;
				GCC_WARN_UNUSED_VARIABLE = YES;
				IPHONEOS_DEPLOYMENT_TARGET = 11.2;
				MTL_ENABLE_DEBUG_INFO = YES;
				ONLY_ACTIVE_ARCH = YES;
				SDKROOT = iphoneos;
				SWIFT_ACTIVE_COMPILATION_CONDITIONS = DEBUG;
				SWIFT_OPTIMIZATION_LEVEL = "-Onone";
			};
			name = Debug;
		};
		3A84920E200FE7E500B41EBC /* Release */ = {
			isa = XCBuildConfiguration;
			buildSettings = {
				ALWAYS_SEARCH_USER_PATHS = NO;
				CLANG_ANALYZER_NONNULL = YES;
				CLANG_ANALYZER_NUMBER_OBJECT_CONVERSION = YES_AGGRESSIVE;
				CLANG_CXX_LANGUAGE_STANDARD = "gnu++14";
				CLANG_CXX_LIBRARY = "libc++";
				CLANG_ENABLE_MODULES = YES;
				CLANG_ENABLE_OBJC_ARC = YES;
				CLANG_WARN_BLOCK_CAPTURE_AUTORELEASING = YES;
				CLANG_WARN_BOOL_CONVERSION = YES;
				CLANG_WARN_COMMA = YES;
				CLANG_WARN_CONSTANT_CONVERSION = YES;
				CLANG_WARN_DIRECT_OBJC_ISA_USAGE = YES_ERROR;
				CLANG_WARN_DOCUMENTATION_COMMENTS = YES;
				CLANG_WARN_EMPTY_BODY = YES;
				CLANG_WARN_ENUM_CONVERSION = YES;
				CLANG_WARN_INFINITE_RECURSION = YES;
				CLANG_WARN_INT_CONVERSION = YES;
				CLANG_WARN_NON_LITERAL_NULL_CONVERSION = YES;
				CLANG_WARN_OBJC_LITERAL_CONVERSION = YES;
				CLANG_WARN_OBJC_ROOT_CLASS = YES_ERROR;
				CLANG_WARN_RANGE_LOOP_ANALYSIS = YES;
				CLANG_WARN_STRICT_PROTOTYPES = YES;
				CLANG_WARN_SUSPICIOUS_MOVE = YES;
				CLANG_WARN_UNGUARDED_AVAILABILITY = YES_AGGRESSIVE;
				CLANG_WARN_UNREACHABLE_CODE = YES;
				CLANG_WARN__DUPLICATE_METHOD_MATCH = YES;
				CODE_SIGN_IDENTITY = "iPhone Developer";
				COPY_PHASE_STRIP = NO;
				DEBUG_INFORMATION_FORMAT = "dwarf-with-dsym";
				ENABLE_NS_ASSERTIONS = NO;
				ENABLE_STRICT_OBJC_MSGSEND = YES;
				GCC_C_LANGUAGE_STANDARD = gnu11;
				GCC_NO_COMMON_BLOCKS = YES;
				GCC_WARN_64_TO_32_BIT_CONVERSION = YES;
				GCC_WARN_ABOUT_RETURN_TYPE = YES_ERROR;
				GCC_WARN_UNDECLARED_SELECTOR = YES;
				GCC_WARN_UNINITIALIZED_AUTOS = YES_AGGRESSIVE;
				GCC_WARN_UNUSED_FUNCTION = YES;
				GCC_WARN_UNUSED_VARIABLE = YES;
				IPHONEOS_DEPLOYMENT_TARGET = 11.2;
				MTL_ENABLE_DEBUG_INFO = NO;
				SDKROOT = iphoneos;
				SWIFT_OPTIMIZATION_LEVEL = "-Owholemodule";
				VALIDATE_PRODUCT = YES;
			};
			name = Release;
		};
		3A849210200FE7E500B41EBC /* Debug */ = {
			isa = XCBuildConfiguration;
			buildSettings = {
				ASSETCATALOG_COMPILER_APPICON_NAME = AppIcon;
				CODE_SIGN_STYLE = Automatic;
				INFOPLIST_FILE = selectJuegos/Info.plist;
				LD_RUNPATH_SEARCH_PATHS = "$(inherited) @executable_path/Frameworks";
				PRODUCT_BUNDLE_IDENTIFIER = MyA.selectJuegos;
				PRODUCT_NAME = "$(TARGET_NAME)";
				SWIFT_VERSION = 4.0;
				TARGETED_DEVICE_FAMILY = "1,2";
			};
			name = Debug;
		};
		3A849211200FE7E500B41EBC /* Release */ = {
			isa = XCBuildConfiguration;
			buildSettings = {
				ASSETCATALOG_COMPILER_APPICON_NAME = AppIcon;
				CODE_SIGN_STYLE = Automatic;
				INFOPLIST_FILE = selectJuegos/Info.plist;
				LD_RUNPATH_SEARCH_PATHS = "$(inherited) @executable_path/Frameworks";
				PRODUCT_BUNDLE_IDENTIFIER = MyA.selectJuegos;
				PRODUCT_NAME = "$(TARGET_NAME)";
				SWIFT_VERSION = 4.0;
				TARGETED_DEVICE_FAMILY = "1,2";
			};
			name = Release;
		};
		3A849213200FE7E500B41EBC /* Debug */ = {
			isa = XCBuildConfiguration;
			buildSettings = {
				ALWAYS_EMBED_SWIFT_STANDARD_LIBRARIES = YES;
				BUNDLE_LOADER = "$(TEST_HOST)";
				CODE_SIGN_STYLE = Automatic;
				INFOPLIST_FILE = selectJuegosTests/Info.plist;
				LD_RUNPATH_SEARCH_PATHS = "$(inherited) @executable_path/Frameworks @loader_path/Frameworks";
				PRODUCT_BUNDLE_IDENTIFIER = MyA.selectJuegosTests;
				PRODUCT_NAME = "$(TARGET_NAME)";
				SWIFT_VERSION = 4.0;
				TARGETED_DEVICE_FAMILY = "1,2";
				TEST_HOST = "$(BUILT_PRODUCTS_DIR)/selectJuegos.app/selectJuegos";
			};
			name = Debug;
		};
		3A849214200FE7E500B41EBC /* Release */ = {
			isa = XCBuildConfiguration;
			buildSettings = {
				ALWAYS_EMBED_SWIFT_STANDARD_LIBRARIES = YES;
				BUNDLE_LOADER = "$(TEST_HOST)";
				CODE_SIGN_STYLE = Automatic;
				INFOPLIST_FILE = selectJuegosTests/Info.plist;
				LD_RUNPATH_SEARCH_PATHS = "$(inherited) @executable_path/Frameworks @loader_path/Frameworks";
				PRODUCT_BUNDLE_IDENTIFIER = MyA.selectJuegosTests;
				PRODUCT_NAME = "$(TARGET_NAME)";
				SWIFT_VERSION = 4.0;
				TARGETED_DEVICE_FAMILY = "1,2";
				TEST_HOST = "$(BUILT_PRODUCTS_DIR)/selectJuegos.app/selectJuegos";
			};
			name = Release;
		};
		3A849216200FE7E500B41EBC /* Debug */ = {
			isa = XCBuildConfiguration;
			buildSettings = {
				ALWAYS_EMBED_SWIFT_STANDARD_LIBRARIES = YES;
				CODE_SIGN_STYLE = Automatic;
				INFOPLIST_FILE = selectJuegosUITests/Info.plist;
				LD_RUNPATH_SEARCH_PATHS = "$(inherited) @executable_path/Frameworks @loader_path/Frameworks";
				PRODUCT_BUNDLE_IDENTIFIER = MyA.selectJuegosUITests;
				PRODUCT_NAME = "$(TARGET_NAME)";
				SWIFT_VERSION = 4.0;
				TARGETED_DEVICE_FAMILY = "1,2";
				TEST_TARGET_NAME = selectJuegos;
			};
			name = Debug;
		};
		3A849217200FE7E500B41EBC /* Release */ = {
			isa = XCBuildConfiguration;
			buildSettings = {
				ALWAYS_EMBED_SWIFT_STANDARD_LIBRARIES = YES;
				CODE_SIGN_STYLE = Automatic;
				INFOPLIST_FILE = selectJuegosUITests/Info.plist;
				LD_RUNPATH_SEARCH_PATHS = "$(inherited) @executable_path/Frameworks @loader_path/Frameworks";
				PRODUCT_BUNDLE_IDENTIFIER = MyA.selectJuegosUITests;
				PRODUCT_NAME = "$(TARGET_NAME)";
				SWIFT_VERSION = 4.0;
				TARGETED_DEVICE_FAMILY = "1,2";
				TEST_TARGET_NAME = selectJuegos;
			};
			name = Release;
		};
/* End XCBuildConfiguration section */

/* Begin XCConfigurationList section */
		3A8491E2200FE7E500B41EBC /* Build configuration list for PBXProject "selectJuegos" */ = {
			isa = XCConfigurationList;
			buildConfigurations = (
				3A84920D200FE7E500B41EBC /* Debug */,
				3A84920E200FE7E500B41EBC /* Release */,
			);
			defaultConfigurationIsVisible = 0;
			defaultConfigurationName = Release;
		};
		3A84920F200FE7E500B41EBC /* Build configuration list for PBXNativeTarget "selectJuegos" */ = {
			isa = XCConfigurationList;
			buildConfigurations = (
				3A849210200FE7E500B41EBC /* Debug */,
				3A849211200FE7E500B41EBC /* Release */,
			);
			defaultConfigurationIsVisible = 0;
			defaultConfigurationName = Release;
		};
		3A849212200FE7E500B41EBC /* Build configuration list for PBXNativeTarget "selectJuegosTests" */ = {
			isa = XCConfigurationList;
			buildConfigurations = (
				3A849213200FE7E500B41EBC /* Debug */,
				3A849214200FE7E500B41EBC /* Release */,
			);
			defaultConfigurationIsVisible = 0;
			defaultConfigurationName = Release;
		};
		3A849215200FE7E500B41EBC /* Build configuration list for PBXNativeTarget "selectJuegosUITests" */ = {
			isa = XCConfigurationList;
			buildConfigurations = (
				3A849216200FE7E500B41EBC /* Debug */,
				3A849217200FE7E500B41EBC /* Release */,
			);
			defaultConfigurationIsVisible = 0;
			defaultConfigurationName = Release;
		};
/* End XCConfigurationList section */
	};
	rootObject = 3A8491DF200FE7E500B41EBC /* Project object */;
}
